{
  "originHash" : "0ae5b72fa43e882594f227d8f72eb9826c50f9271fd7399a99b174bfefae395d",
  "pins" : [
    {
      "identity" : "expression",
      "kind" : "remoteSourceControl",
      "location" : "https://github.com/nicklockwood/Expression",
      "state" : {
        "revision" : "95ffe4c352e456cede933d9910d25b9c84039d1b",
        "version" : "0.13.9"
      }
    },
    {
      "identity" : "hotkey",
      "kind" : "remoteSourceControl",
      "location" : "https://github.com/soffes/HotKey",
      "state" : {
        "revision" : "a3cf605d7a96f6ff50e04fcb6dea6e2613cfcbe4",
        "version" : "0.2.1"
      }
    }
  ],
  "version" : 3
}
