// !$*UTF8*$!
{
	archiveVersion = 1;
	classes = {
	};
	objectVersion = 77;
	objects = {

/* Begin PBXBuildFile section */
		DB2DEE482DB5EB4200BB06D7 /* Expression in Frameworks */ = {isa = PBXBuildFile; productRef = DB2DEE472DB5EB4200BB06D7 /* Expression */; };
		DB716E422DB95E0A007BDB6D /* KeyboardShortcuts in Frameworks */ = {isa = PBXBuildFile; productRef = DB716E412DB95E0A007BDB6D /* KeyboardShortcuts */; };
		DB716E4C2DB9702D007BDB6D /* LaunchAtLogin in Frameworks */ = {isa = PBXBuildFile; productRef = DB716E4B2DB9702D007BDB6D /* LaunchAtLogin */; };
		DB716E4F2DB977AD007BDB6D /* Defaults in Frameworks */ = {isa = PBXBuildFile; productRef = DB716E4E2DB977AD007BDB6D /* Defaults */; };
		DB716E512DB977AD007BDB6D /* DefaultsMacros in Frameworks */ = {isa = PBXBuildFile; productRef = DB716E502DB977AD007BDB6D /* DefaultsMacros */; };
		DBB8231E2DBC9E5C000715A8 /* README.md in Resources */ = {isa = PBXBuildFile; fileRef = DBB8231D2DBC9E5C000715A8 /* README.md */; };
/* End PBXBuildFile section */

/* Begin PBXFileReference section */
		DB633B862DAEF35B00CE6940 /* JVWindowManager.app */ = {isa = PBXFileReference; explicitFileType = wrapper.application; includeInIndex = 0; path = JVWindowManager.app; sourceTree = BUILT_PRODUCTS_DIR; };
		DBB8231D2DBC9E5C000715A8 /* README.md */ = {isa = PBXFileReference; lastKnownFileType = net.daringfireball.markdown; path = README.md; sourceTree = "<group>"; };
/* End PBXFileReference section */

/* Begin PBXFileSystemSynchronizedRootGroup section */
		DB633B882DAEF35B00CE6940 /* JVWindowManager */ = {
			isa = PBXFileSystemSynchronizedRootGroup;
			path = JVWindowManager;
			sourceTree = "<group>";
		};
/* End PBXFileSystemSynchronizedRootGroup section */

/* Begin PBXFrameworksBuildPhase section */
		DB633B832DAEF35B00CE6940 /* Frameworks */ = {
			isa = PBXFrameworksBuildPhase;
			buildActionMask = 2147483647;
			files = (
				DB2DEE482DB5EB4200BB06D7 /* Expression in Frameworks */,
				DB716E4C2DB9702D007BDB6D /* LaunchAtLogin in Frameworks */,
				DB716E512DB977AD007BDB6D /* DefaultsMacros in Frameworks */,
				DB716E422DB95E0A007BDB6D /* KeyboardShortcuts in Frameworks */,
				DB716E4F2DB977AD007BDB6D /* Defaults in Frameworks */,
			);
			runOnlyForDeploymentPostprocessing = 0;
		};
/* End PBXFrameworksBuildPhase section */

/* Begin PBXGroup section */
		DB633B7D2DAEF35B00CE6940 = {
			isa = PBXGroup;
			children = (
				DBB8231D2DBC9E5C000715A8 /* README.md */,
				DB633B882DAEF35B00CE6940 /* JVWindowManager */,
				DB633B872DAEF35B00CE6940 /* Products */,
			);
			sourceTree = "<group>";
		};
		DB633B872DAEF35B00CE6940 /* Products */ = {
			isa = PBXGroup;
			children = (
				DB633B862DAEF35B00CE6940 /* JVWindowManager.app */,
			);
			name = Products;
			sourceTree = "<group>";
		};
/* End PBXGroup section */

/* Begin PBXNativeTarget section */
		DB633B852DAEF35B00CE6940 /* JVWindowManager */ = {
			isa = PBXNativeTarget;
			buildConfigurationList = DB633B922DAEF35B00CE6940 /* Build configuration list for PBXNativeTarget "JVWindowManager" */;
			buildPhases = (
				DB633B822DAEF35B00CE6940 /* Sources */,
				DB633B832DAEF35B00CE6940 /* Frameworks */,
				DB633B842DAEF35B00CE6940 /* Resources */,
			);
			buildRules = (
			);
			dependencies = (
			);
			fileSystemSynchronizedGroups = (
				DB633B882DAEF35B00CE6940 /* JVWindowManager */,
			);
			name = JVWindowManager;
			packageProductDependencies = (
				DB2DEE472DB5EB4200BB06D7 /* Expression */,
				DB716E412DB95E0A007BDB6D /* KeyboardShortcuts */,
				DB716E4B2DB9702D007BDB6D /* LaunchAtLogin */,
				DB716E4E2DB977AD007BDB6D /* Defaults */,
				DB716E502DB977AD007BDB6D /* DefaultsMacros */,
			);
			productName = JVWindowManager;
			productReference = DB633B862DAEF35B00CE6940 /* JVWindowManager.app */;
			productType = "com.apple.product-type.application";
		};
/* End PBXNativeTarget section */

/* Begin PBXProject section */
		DB633B7E2DAEF35B00CE6940 /* Project object */ = {
			isa = PBXProject;
			attributes = {
				BuildIndependentTargetsInParallel = 1;
				LastSwiftUpdateCheck = 1630;
				LastUpgradeCheck = 1630;
				TargetAttributes = {
					DB633B852DAEF35B00CE6940 = {
						CreatedOnToolsVersion = 16.3;
					};
				};
			};
			buildConfigurationList = DB633B812DAEF35B00CE6940 /* Build configuration list for PBXProject "JVWindowManager" */;
			developmentRegion = en;
			hasScannedForEncodings = 0;
			knownRegions = (
				en,
				Base,
			);
			mainGroup = DB633B7D2DAEF35B00CE6940;
			minimizedProjectReferenceProxies = 1;
			packageReferences = (
				DB2DEE462DB5EB4200BB06D7 /* XCRemoteSwiftPackageReference "Expression" */,
				DB716E402DB95E0A007BDB6D /* XCRemoteSwiftPackageReference "KeyboardShortcuts" */,
				DB716E4A2DB9702D007BDB6D /* XCRemoteSwiftPackageReference "LaunchAtLogin-Modern" */,
				DB716E4D2DB977AD007BDB6D /* XCRemoteSwiftPackageReference "Defaults" */,
			);
			preferredProjectObjectVersion = 77;
			productRefGroup = DB633B872DAEF35B00CE6940 /* Products */;
			projectDirPath = "";
			projectRoot = "";
			targets = (
				DB633B852DAEF35B00CE6940 /* JVWindowManager */,
			);
		};
/* End PBXProject section */

/* Begin PBXResourcesBuildPhase section */
		DB633B842DAEF35B00CE6940 /* Resources */ = {
			isa = PBXResourcesBuildPhase;
			buildActionMask = 2147483647;
			files = (
				DBB8231E2DBC9E5C000715A8 /* README.md in Resources */,
			);
			runOnlyForDeploymentPostprocessing = 0;
		};
/* End PBXResourcesBuildPhase section */

/* Begin PBXSourcesBuildPhase section */
		DB633B822DAEF35B00CE6940 /* Sources */ = {
			isa = PBXSourcesBuildPhase;
			buildActionMask = 2147483647;
			files = (
			);
			runOnlyForDeploymentPostprocessing = 0;
		};
/* End PBXSourcesBuildPhase section */

/* Begin XCBuildConfiguration section */
		DB633B902DAEF35B00CE6940 /* Debug */ = {
			isa = XCBuildConfiguration;
			buildSettings = {
				ALWAYS_SEARCH_USER_PATHS = NO;
				ASSETCATALOG_COMPILER_GENERATE_SWIFT_ASSET_SYMBOL_EXTENSIONS = YES;
				CLANG_ANALYZER_NONNULL = YES;
				CLANG_ANALYZER_NUMBER_OBJECT_CONVERSION = YES_AGGRESSIVE;
				CLANG_CXX_LANGUAGE_STANDARD = "gnu++20";
				CLANG_ENABLE_MODULES = YES;
				CLANG_ENABLE_OBJC_ARC = YES;
				CLANG_ENABLE_OBJC_WEAK = YES;
				CLANG_WARN_BLOCK_CAPTURE_AUTORELEASING = YES;
				CLANG_WARN_BOOL_CONVERSION = YES;
				CLANG_WARN_COMMA = YES;
				CLANG_WARN_CONSTANT_CONVERSION = YES;
				CLANG_WARN_DEPRECATED_OBJC_IMPLEMENTATIONS = YES;
				CLANG_WARN_DIRECT_OBJC_ISA_USAGE = YES_ERROR;
				CLANG_WARN_DOCUMENTATION_COMMENTS = YES;
				CLANG_WARN_EMPTY_BODY = YES;
				CLANG_WARN_ENUM_CONVERSION = YES;
				CLANG_WARN_INFINITE_RECURSION = YES;
				CLANG_WARN_INT_CONVERSION = YES;
				CLANG_WARN_NON_LITERAL_NULL_CONVERSION = YES;
				CLANG_WARN_OBJC_IMPLICIT_RETAIN_SELF = YES;
				CLANG_WARN_OBJC_LITERAL_CONVERSION = YES;
				CLANG_WARN_OBJC_ROOT_CLASS = YES_ERROR;
				CLANG_WARN_QUOTED_INCLUDE_IN_FRAMEWORK_HEADER = YES;
				CLANG_WARN_RANGE_LOOP_ANALYSIS = YES;
				CLANG_WARN_STRICT_PROTOTYPES = YES;
				CLANG_WARN_SUSPICIOUS_MOVE = YES;
				CLANG_WARN_UNGUARDED_AVAILABILITY = YES_AGGRESSIVE;
				CLANG_WARN_UNREACHABLE_CODE = YES;
				CLANG_WARN__DUPLICATE_METHOD_MATCH = YES;
				COPY_PHASE_STRIP = NO;
				DEBUG_INFORMATION_FORMAT = dwarf;
				ENABLE_STRICT_OBJC_MSGSEND = YES;
				ENABLE_TESTABILITY = YES;
				ENABLE_USER_SCRIPT_SANDBOXING = YES;
				GCC_C_LANGUAGE_STANDARD = gnu17;
				GCC_DYNAMIC_NO_PIC = NO;
				GCC_NO_COMMON_BLOCKS = YES;
				GCC_OPTIMIZATION_LEVEL = 0;
				GCC_PREPROCESSOR_DEFINITIONS = (
					"DEBUG=1",
					"$(inherited)",
				);
				GCC_WARN_64_TO_32_BIT_CONVERSION = YES;
				GCC_WARN_ABOUT_RETURN_TYPE = YES_ERROR;
				GCC_WARN_UNDECLARED_SELECTOR = YES;
				GCC_WARN_UNINITIALIZED_AUTOS = YES_AGGRESSIVE;
				GCC_WARN_UNUSED_FUNCTION = YES;
				GCC_WARN_UNUSED_VARIABLE = YES;
				LOCALIZATION_PREFERS_STRING_CATALOGS = YES;
				MACOSX_DEPLOYMENT_TARGET = 15.4;
				MTL_ENABLE_DEBUG_INFO = INCLUDE_SOURCE;
				MTL_FAST_MATH = YES;
				ONLY_ACTIVE_ARCH = YES;
				SDKROOT = macosx;
				SWIFT_ACTIVE_COMPILATION_CONDITIONS = "DEBUG $(inherited)";
				SWIFT_OPTIMIZATION_LEVEL = "-Onone";
			};
			name = Debug;
		};
		DB633B912DAEF35B00CE6940 /* Release */ = {
			isa = XCBuildConfiguration;
			buildSettings = {
				ALWAYS_SEARCH_USER_PATHS = NO;
				ASSETCATALOG_COMPILER_GENERATE_SWIFT_ASSET_SYMBOL_EXTENSIONS = YES;
				CLANG_ANALYZER_NONNULL = YES;
				CLANG_ANALYZER_NUMBER_OBJECT_CONVERSION = YES_AGGRESSIVE;
				CLANG_CXX_LANGUAGE_STANDARD = "gnu++20";
				CLANG_ENABLE_MODULES = YES;
				CLANG_ENABLE_OBJC_ARC = YES;
				CLANG_ENABLE_OBJC_WEAK = YES;
				CLANG_WARN_BLOCK_CAPTURE_AUTORELEASING = YES;
				CLANG_WARN_BOOL_CONVERSION = YES;
				CLANG_WARN_COMMA = YES;
				CLANG_WARN_CONSTANT_CONVERSION = YES;
				CLANG_WARN_DEPRECATED_OBJC_IMPLEMENTATIONS = YES;
				CLANG_WARN_DIRECT_OBJC_ISA_USAGE = YES_ERROR;
				CLANG_WARN_DOCUMENTATION_COMMENTS = YES;
				CLANG_WARN_EMPTY_BODY = YES;
				CLANG_WARN_ENUM_CONVERSION = YES;
				CLANG_WARN_INFINITE_RECURSION = YES;
				CLANG_WARN_INT_CONVERSION = YES;
				CLANG_WARN_NON_LITERAL_NULL_CONVERSION = YES;
				CLANG_WARN_OBJC_IMPLICIT_RETAIN_SELF = YES;
				CLANG_WARN_OBJC_LITERAL_CONVERSION = YES;
				CLANG_WARN_OBJC_ROOT_CLASS = YES_ERROR;
				CLANG_WARN_QUOTED_INCLUDE_IN_FRAMEWORK_HEADER = YES;
				CLANG_WARN_RANGE_LOOP_ANALYSIS = YES;
				CLANG_WARN_STRICT_PROTOTYPES = YES;
				CLANG_WARN_SUSPICIOUS_MOVE = YES;
				CLANG_WARN_UNGUARDED_AVAILABILITY = YES_AGGRESSIVE;
				CLANG_WARN_UNREACHABLE_CODE = YES;
				CLANG_WARN__DUPLICATE_METHOD_MATCH = YES;
				COPY_PHASE_STRIP = NO;
				DEBUG_INFORMATION_FORMAT = "dwarf-with-dsym";
				ENABLE_NS_ASSERTIONS = NO;
				ENABLE_STRICT_OBJC_MSGSEND = YES;
				ENABLE_USER_SCRIPT_SANDBOXING = YES;
				GCC_C_LANGUAGE_STANDARD = gnu17;
				GCC_NO_COMMON_BLOCKS = YES;
				GCC_WARN_64_TO_32_BIT_CONVERSION = YES;
				GCC_WARN_ABOUT_RETURN_TYPE = YES_ERROR;
				GCC_WARN_UNDECLARED_SELECTOR = YES;
				GCC_WARN_UNINITIALIZED_AUTOS = YES_AGGRESSIVE;
				GCC_WARN_UNUSED_FUNCTION = YES;
				GCC_WARN_UNUSED_VARIABLE = YES;
				LOCALIZATION_PREFERS_STRING_CATALOGS = YES;
				MACOSX_DEPLOYMENT_TARGET = 15.4;
				MTL_ENABLE_DEBUG_INFO = NO;
				MTL_FAST_MATH = YES;
				SDKROOT = macosx;
				SWIFT_COMPILATION_MODE = wholemodule;
			};
			name = Release;
		};
		DB633B932DAEF35B00CE6940 /* Debug */ = {
			isa = XCBuildConfiguration;
			buildSettings = {
				ASSETCATALOG_COMPILER_APPICON_NAME = AppIcon;
				ASSETCATALOG_COMPILER_GLOBAL_ACCENT_COLOR_NAME = AccentColor;
				CODE_SIGN_ENTITLEMENTS = JVWindowManager/JVWindowManager.entitlements;
				CODE_SIGN_STYLE = Automatic;
				COMBINE_HIDPI_IMAGES = YES;
				CURRENT_PROJECT_VERSION = 1;
				DEVELOPMENT_TEAM = 4UC57L326B;
				ENABLE_HARDENED_RUNTIME = YES;
				ENABLE_PREVIEWS = YES;
				GENERATE_INFOPLIST_FILE = YES;
				INFOPLIST_KEY_CFBundleDisplayName = "JV Window Manager";
				INFOPLIST_KEY_LSApplicationCategoryType = "public.app-category.productivity";
				INFOPLIST_KEY_LSUIElement = NO;
				INFOPLIST_KEY_NSHumanReadableCopyright = "";
				LD_RUNPATH_SEARCH_PATHS = (
					"$(inherited)",
					"@executable_path/../Frameworks",
				);
				MACOSX_DEPLOYMENT_TARGET = 15.0;
				MARKETING_VERSION = 1.0;
				PRODUCT_BUNDLE_IDENTIFIER = com.jghignatti.JVWindowManager;
				PRODUCT_NAME = "$(TARGET_NAME)";
				REGISTER_APP_GROUPS = YES;
				SWIFT_EMIT_LOC_STRINGS = YES;
				SWIFT_VERSION = 5.0;
			};
			name = Debug;
		};
		DB633B942DAEF35B00CE6940 /* Release */ = {
			isa = XCBuildConfiguration;
			buildSettings = {
				ASSETCATALOG_COMPILER_APPICON_NAME = AppIcon;
				ASSETCATALOG_COMPILER_GLOBAL_ACCENT_COLOR_NAME = AccentColor;
				CODE_SIGN_ENTITLEMENTS = JVWindowManager/JVWindowManager.entitlements;
				CODE_SIGN_STYLE = Automatic;
				COMBINE_HIDPI_IMAGES = YES;
				CURRENT_PROJECT_VERSION = 1;
				DEVELOPMENT_TEAM = 4UC57L326B;
				ENABLE_HARDENED_RUNTIME = YES;
				ENABLE_PREVIEWS = YES;
				GENERATE_INFOPLIST_FILE = YES;
				INFOPLIST_KEY_CFBundleDisplayName = "JV Window Manager";
				INFOPLIST_KEY_LSApplicationCategoryType = "public.app-category.productivity";
				INFOPLIST_KEY_LSUIElement = NO;
				INFOPLIST_KEY_NSHumanReadableCopyright = "";
				LD_RUNPATH_SEARCH_PATHS = (
					"$(inherited)",
					"@executable_path/../Frameworks",
				);
				MACOSX_DEPLOYMENT_TARGET = 15.0;
				MARKETING_VERSION = 1.0;
				PRODUCT_BUNDLE_IDENTIFIER = com.jghignatti.JVWindowManager;
				PRODUCT_NAME = "$(TARGET_NAME)";
				REGISTER_APP_GROUPS = YES;
				SWIFT_EMIT_LOC_STRINGS = YES;
				SWIFT_VERSION = 5.0;
			};
			name = Release;
		};
/* End XCBuildConfiguration section */

/* Begin XCConfigurationList section */
		DB633B812DAEF35B00CE6940 /* Build configuration list for PBXProject "JVWindowManager" */ = {
			isa = XCConfigurationList;
			buildConfigurations = (
				DB633B902DAEF35B00CE6940 /* Debug */,
				DB633B912DAEF35B00CE6940 /* Release */,
			);
			defaultConfigurationIsVisible = 0;
			defaultConfigurationName = Release;
		};
		DB633B922DAEF35B00CE6940 /* Build configuration list for PBXNativeTarget "JVWindowManager" */ = {
			isa = XCConfigurationList;
			buildConfigurations = (
				DB633B932DAEF35B00CE6940 /* Debug */,
				DB633B942DAEF35B00CE6940 /* Release */,
			);
			defaultConfigurationIsVisible = 0;
			defaultConfigurationName = Release;
		};
/* End XCConfigurationList section */

/* Begin XCRemoteSwiftPackageReference section */
		DB2DEE462DB5EB4200BB06D7 /* XCRemoteSwiftPackageReference "Expression" */ = {
			isa = XCRemoteSwiftPackageReference;
			repositoryURL = "https://github.com/nicklockwood/Expression";
			requirement = {
				kind = upToNextMajorVersion;
				minimumVersion = 0.13.9;
			};
		};
		DB716E402DB95E0A007BDB6D /* XCRemoteSwiftPackageReference "KeyboardShortcuts" */ = {
			isa = XCRemoteSwiftPackageReference;
			repositoryURL = "https://github.com/sindresorhus/KeyboardShortcuts";
			requirement = {
				kind = upToNextMajorVersion;
				minimumVersion = 2.3.0;
			};
		};
		DB716E4A2DB9702D007BDB6D /* XCRemoteSwiftPackageReference "LaunchAtLogin-Modern" */ = {
			isa = XCRemoteSwiftPackageReference;
			repositoryURL = "https://github.com/sindresorhus/LaunchAtLogin-Modern";
			requirement = {
				kind = upToNextMajorVersion;
				minimumVersion = 1.1.0;
			};
		};
		DB716E4D2DB977AD007BDB6D /* XCRemoteSwiftPackageReference "Defaults" */ = {
			isa = XCRemoteSwiftPackageReference;
			repositoryURL = "https://github.com/sindresorhus/Defaults";
			requirement = {
				kind = upToNextMajorVersion;
				minimumVersion = 9.0.2;
			};
		};
/* End XCRemoteSwiftPackageReference section */

/* Begin XCSwiftPackageProductDependency section */
		DB2DEE472DB5EB4200BB06D7 /* Expression */ = {
			isa = XCSwiftPackageProductDependency;
			package = DB2DEE462DB5EB4200BB06D7 /* XCRemoteSwiftPackageReference "Expression" */;
			productName = Expression;
		};
		DB716E412DB95E0A007BDB6D /* KeyboardShortcuts */ = {
			isa = XCSwiftPackageProductDependency;
			package = DB716E402DB95E0A007BDB6D /* XCRemoteSwiftPackageReference "KeyboardShortcuts" */;
			productName = KeyboardShortcuts;
		};
		DB716E4B2DB9702D007BDB6D /* LaunchAtLogin */ = {
			isa = XCSwiftPackageProductDependency;
			package = DB716E4A2DB9702D007BDB6D /* XCRemoteSwiftPackageReference "LaunchAtLogin-Modern" */;
			productName = LaunchAtLogin;
		};
		DB716E4E2DB977AD007BDB6D /* Defaults */ = {
			isa = XCSwiftPackageProductDependency;
			package = DB716E4D2DB977AD007BDB6D /* XCRemoteSwiftPackageReference "Defaults" */;
			productName = Defaults;
		};
		DB716E502DB977AD007BDB6D /* DefaultsMacros */ = {
			isa = XCSwiftPackageProductDependency;
			package = DB716E4D2DB977AD007BDB6D /* XCRemoteSwiftPackageReference "Defaults" */;
			productName = DefaultsMacros;
		};
/* End XCSwiftPackageProductDependency section */
	};
	rootObject = DB633B7E2DAEF35B00CE6940 /* Project object */;
}
